{
  "requires": true,
  "lockfileVersion": 1,
  "dependencies": {
    "sass-rem": {
      "version": "2.0.1",
      "resolved": "https://registry.npmjs.org/sass-rem/-/sass-rem-2.0.1.tgz",
      "integrity": "sha512-Fuf7i1Wr7n1lIdCiImhCJ1/S0jEYq1OmrlqyKuJKSU2B2kHbU09HJIo5AuADvbf3DJLlRxU7b8Jm8D6m5lfqmA=="
    },
    "ts-enum-util": {
      "version": "4.0.2",
      "resolved": "https://registry.npmjs.org/ts-enum-util/-/ts-enum-util-4.0.2.tgz",
      "integrity": "sha512-BB5qjvHYgYgOB/CaoA1Cy/B2QNnZ+nVBrJ15VV/AXGWx+AO83k5wgeLOJvkSLoKKavvH/M8Wj4ZbgROjsuYwzw=="
    }
  }
}
