{
  "requires": true,
  "lockfileVersion": 1,
  "dependencies": {
    "@ng-select/ng-select": {
      "version": "3.7.3",
      "resolved": "https://registry.npmjs.org/@ng-select/ng-select/-/ng-select-3.7.3.tgz",
      "integrity": "sha512-Duw5t0b9Jup/tVEoDHLm+UhGv5RnwQ7pQorCAQc4LZR35oOZFjec8FrEGGtgVAGtwaQAYyd7PSMk3nEsWPg6AQ==",
      "requires": {
        "tslib": "^1.9.0"
      }
    },
    "sass-rem": {
      "version": "2.0.1",
      "resolved": "https://registry.npmjs.org/sass-rem/-/sass-rem-2.0.1.tgz",
      "integrity": "sha512-Fuf7i1Wr7n1lIdCiImhCJ1/S0jEYq1OmrlqyKuJKSU2B2kHbU09HJIo5AuADvbf3DJLlRxU7b8Jm8D6m5lfqmA=="
    },
    "ts-enum-util": {
      "version": "4.0.2",
      "resolved": "https://registry.npmjs.org/ts-enum-util/-/ts-enum-util-4.0.2.tgz",
      "integrity": "sha512-BB5qjvHYgYgOB/CaoA1Cy/B2QNnZ+nVBrJ15VV/AXGWx+AO83k5wgeLOJvkSLoKKavvH/M8Wj4ZbgROjsuYwzw=="
    },
    "tslib": {
      "version": "1.14.1",
      "resolved": "https://registry.npmjs.org/tslib/-/tslib-1.14.1.tgz",
      "integrity": "sha512-Xni35NKzjgMrwevysHTCArtLDpPvye8zV/0E4EyYn43P7/7qvQwPh9BGkHewbMulVntbigmcT7rdX3BNo9wRJg=="
    }
  }
}
